
Microsoft Visual Studio Solution File, Format Version 12.00
# Visual Studio Version 16
VisualStudioVersion = 16.0.31112.23
MinimumVisualStudioVersion = 10.0.40219.1
Project("{FAE04EC0-301F-11D3-BF4B-00C04F79EFBC}") = "Oracle", "Oracle\Oracle.csproj", "{8D1C0755-1D8C-4CE1-9749-BCB358BDE701}"
EndProject
Global
	GlobalSection(SolutionConfigurationPlatforms) = preSolution
		Debug|Any CPU = Debug|Any CPU
		Release|Any CPU = Release|Any CPU
	EndGlobalSection
	GlobalSection(ProjectConfigurationPlatforms) = postSolution
		{8D1C0755-1D8C-4CE1-9749-BCB358BDE701}.Debug|Any CPU.ActiveCfg = Debug|Any CPU
		{8D1C0755-1D8C-4CE1-9749-BCB358BDE701}.Debug|Any CPU.Build.0 = Debug|Any CPU
		{8D1C0755-1D8C-4CE1-9749-BCB358BDE701}.Release|Any CPU.ActiveCfg = Release|Any CPU
		{8D1C0755-1D8C-4CE1-9749-BCB358BDE701}.Release|Any CPU.Build.0 = Release|Any CPU
	EndGlobalSection
	GlobalSection(SolutionProperties) = preSolution
		HideSolutionNode = FALSE
	EndGlobalSection
	GlobalSection(ExtensibilityGlobals) = postSolution
		SolutionGuid = {76E67533-5185-4FBF-BA1C-66E91DB58D03}
	EndGlobalSection
EndGlobal
